<?xml version="1.0" encoding="utf-8"?>
<Project ToolsVersion="17.0" xmlns="http://schemas.microsoft.com/developer/msbuild/2003">
  <ItemGroup>
    <ClCompile Include="D:\Code\OB_GINS\src\factors\pose_manifold.cc">
      <Filter>Source Files</Filter>
    </ClCompile>
    <ClCompile Include="D:\Code\OB_GINS\src\fileio\fileloader.cc">
      <Filter>Source Files</Filter>
    </ClCompile>
    <ClCompile Include="D:\Code\OB_GINS\src\fileio\filesaver.cc">
      <Filter>Source Files</Filter>
    </ClCompile>
    <ClCompile Include="D:\Code\OB_GINS\src\ob_gins.cc">
      <Filter>Source Files</Filter>
    </ClCompile>
    <ClCompile Include="D:\Code\OB_GINS\src\preintegration\preintegration_base.cc">
      <Filter>Source Files</Filter>
    </ClCompile>
    <ClCompile Include="D:\Code\OB_GINS\src\preintegration\preintegration_earth.cc">
      <Filter>Source Files</Filter>
    </ClCompile>
    <ClCompile Include="D:\Code\OB_GINS\src\preintegration\preintegration_earth_odo.cc">
      <Filter>Source Files</Filter>
    </ClCompile>
    <ClCompile Include="D:\Code\OB_GINS\src\preintegration\preintegration_normal.cc">
      <Filter>Source Files</Filter>
    </ClCompile>
    <ClCompile Include="D:\Code\OB_GINS\src\preintegration\preintegration_odo.cc">
      <Filter>Source Files</Filter>
    </ClCompile>
  </ItemGroup>
  <ItemGroup>
    <CustomBuild Include="D:\Code\OB_GINS\CMakeLists.txt" />
  </ItemGroup>
  <ItemGroup>
    <Filter Include="Source Files">
      <UniqueIdentifier>{4F490CFA-FECA-3689-80E3-3B9F5CB4C844}</UniqueIdentifier>
    </Filter>
  </ItemGroup>
</Project>
